{
    "_readme": [
        "This file locks the dependencies of your project to a known state",
        "Read more about it at http://getcomposer.org/doc/01-basic-usage.md#composer-lock-the-lock-file"
    ],
    "hash": "5c9e559867fcd27d471e3718fbbb7767",
    "packages": [
        {
            "name": "monolog/monolog",
            "version": "1.5.0",
            "source": {
                "type": "git",
                "url": "https://github.com/Seldaek/monolog.git",
                "reference": "1.5.0"
            },
            "dist": {
                "type": "zip",
                "url": "https://api.github.com/repos/Seldaek/monolog/zipball/1.5.0",
                "reference": "1.5.0",
                "shasum": ""
            },
            "require": {
                "php": ">=5.3.0",
                "psr/log": ">=1.0,<2.0"
            },
            "require-dev": {
                "doctrine/couchdb": "dev-master",
                "mlehner/gelf-php": "1.0.*",
                "raven/raven": "0.3.*"
            },
            "suggest": {
                "doctrine/couchdb": "Allow sending log messages to a CouchDB server",
                "ext-amqp": "Allow sending log messages to an AMQP server (1.0+ required)",
                "ext-mongo": "Allow sending log messages to a MongoDB server",
                "mlehner/gelf-php": "Allow sending log messages to a GrayLog2 server",
                "raven/raven": "Allow sending log messages to a Sentry server"
            },
            "type": "library",
            "extra": {
                "branch-alias": {
                    "dev-master": "1.4.x-dev"
                }
            },
            "autoload": {
                "psr-0": {
                    "Monolog": "src/"
                }
            },
            "notification-url": "https://packagist.org/downloads/",
            "license": [
                "MIT"
            ],
            "authors": [
                {
                    "name": "Jordi Boggiano",
                    "email": "j.boggiano@seld.be",
                    "homepage": "http://seld.be",
                    "role": "Developer"
                }
            ],
            "description": "Sends your logs to files, sockets, inboxes, databases and various web services",
            "homepage": "http://github.com/Seldaek/monolog",
            "keywords": [
                "log",
                "logging",
                "psr-3"
            ],
            "time": "2013-04-23 10:09:48"
        },
        {
            "name": "phptal/phptal",
            "version": "dev-master",
            "source": {
                "type": "git",
                "url": "https://github.com/pornel/PHPTAL.git",
                "reference": "82cc7ce740e2cbdc7cd54564f450e2cf904e3529"
            },
            "dist": {
                "type": "zip",
                "url": "https://api.github.com/repos/pornel/PHPTAL/zipball/82cc7ce740e2cbdc7cd54564f450e2cf904e3529",
                "reference": "82cc7ce740e2cbdc7cd54564f450e2cf904e3529",
                "shasum": ""
            },
            "require": {
                "php": ">=5.1.2"
            },
            "type": "library",
            "autoload": {
                "psr-0": {
                    "PHPTAL": "classes/"
                }
            },
            "license": [
                "LGPLv2"
            ],
            "authors": [
                {
                    "name": "Laurent Bédubourg",
                    "email": "lbedubourg@motion-twin.com",
                    "homepage": "http://labe.me"
                },
                {
                    "name": "Kornel Lesiński",
                    "email": "kornel@geekhood.net",
                    "homepage": "http://pornel.net/"
                }
            ],
            "description": "PHPTAL is a templating engine for PHP5 that implements Zope Page Templates syntax",
            "homepage": "http://phptal.org/",
            "keywords": [
                "phptal",
                "template engine",
                "zope"
            ],
            "time": "2013-09-07 09:11:37"
        },
        {
            "name": "pimple/pimple",
            "version": "v1.0.2",
            "source": {
                "type": "git",
                "url": "https://github.com/fabpot/Pimple.git",
                "reference": "v1.0.2"
            },
            "dist": {
                "type": "zip",
                "url": "https://api.github.com/repos/fabpot/Pimple/zipball/v1.0.2",
                "reference": "v1.0.2",
                "shasum": ""
            },
            "require": {
                "php": ">=5.3.0"
            },
            "type": "library",
            "extra": {
                "branch-alias": {
                    "dev-master": "1.0.x-dev"
                }
            },
            "autoload": {
                "psr-0": {
                    "Pimple": "lib/"
                }
            },
            "notification-url": "https://packagist.org/downloads/",
            "license": [
                "MIT"
            ],
            "authors": [
                {
                    "name": "Fabien Potencier",
                    "email": "fabien@symfony.com"
                }
            ],
            "description": "Pimple is a simple Dependency Injection Container for PHP 5.3",
            "homepage": "http://pimple.sensiolabs.org",
            "keywords": [
                "container",
                "dependency injection"
            ],
            "time": "2013-03-08 08:21:40"
        },
        {
            "name": "psr/log",
            "version": "1.0.0",
            "source": {
                "type": "git",
                "url": "https://github.com/php-fig/log",
                "reference": "1.0.0"
            },
            "dist": {
                "type": "zip",
                "url": "https://github.com/php-fig/log/archive/1.0.0.zip",
                "reference": "1.0.0",
                "shasum": ""
            },
            "type": "library",
            "autoload": {
                "psr-0": {
                    "Psr\\Log\\": ""
                }
            },
            "notification-url": "https://packagist.org/downloads/",
            "license": [
                "MIT"
            ],
            "authors": [
                {
                    "name": "PHP-FIG",
                    "homepage": "http://www.php-fig.org/"
                }
            ],
            "description": "Common interface for logging libraries",
            "keywords": [
                "log",
                "psr",
                "psr-3"
            ],
            "time": "2012-12-21 11:40:51"
        },
        {
            "name": "smarty/smarty",
            "version": "v3.1.15",
            "source": {
                "type": "svn",
                "url": "http://smarty-php.googlecode.com/svn",
                "reference": "/tags/v3.1.15/@4782"
            },
            "require": {
                "php": ">=5.2"
            },
            "type": "library",
            "autoload": {
                "classmap": [
                    "distribution/libs/Smarty.class.php",
                    "distribution/libs/SmartyBC.class.php",
                    "distribution/libs/sysplugins/smarty_security.php"
                ]
            },
            "notification-url": "https://packagist.org/downloads/",
            "license": [
                "LGPL-3.0"
            ],
            "authors": [
                {
                    "name": "Monte Ohrt",
                    "email": "monte@ohrt.com"
                },
                {
                    "name": "Uwe Tews",
                    "email": "uwe.tews@googlemail.com"
                },
                {
                    "name": "Rodney Rehm",
                    "email": "rodney.rehm@medialize.de"
                }
            ],
            "description": "Smarty - the compiling PHP template engine",
            "homepage": "http://www.smarty.net",
            "keywords": [
                "templating"
            ],
            "time": "2013-10-01 21:08:54"
        },
        {
            "name": "symfony/http-foundation",
            "version": "v2.3.5",
            "target-dir": "Symfony/Component/HttpFoundation",
            "source": {
                "type": "git",
                "url": "https://github.com/symfony/HttpFoundation.git",
                "reference": "ed17ea8ee67ae25371bdb63f691c22b453ea4bc0"
            },
            "dist": {
                "type": "zip",
                "url": "https://api.github.com/repos/symfony/HttpFoundation/zipball/ed17ea8ee67ae25371bdb63f691c22b453ea4bc0",
                "reference": "ed17ea8ee67ae25371bdb63f691c22b453ea4bc0",
                "shasum": ""
            },
            "require": {
                "php": ">=5.3.3"
            },
            "type": "library",
            "extra": {
                "branch-alias": {
                    "dev-master": "2.3-dev"
                }
            },
            "autoload": {
                "psr-0": {
                    "Symfony\\Component\\HttpFoundation\\": ""
                },
                "classmap": [
                    "Symfony/Component/HttpFoundation/Resources/stubs"
                ]
            },
            "license": [
                "MIT"
            ],
            "authors": [
                {
                    "name": "Fabien Potencier",
                    "email": "fabien@symfony.com"
                },
                {
                    "name": "Symfony Community",
                    "homepage": "http://symfony.com/contributors"
                }
            ],
            "description": "Symfony HttpFoundation Component",
            "homepage": "http://symfony.com",
            "time": "2013-09-19 09:45:20"
        },
        {
            "name": "twig/twig",
            "version": "v1.14.0",
            "source": {
                "type": "git",
                "url": "https://github.com/fabpot/Twig.git",
                "reference": "224fc55635d544a2ec8edb3592be18db5a093f59"
            },
            "dist": {
                "type": "zip",
                "url": "https://api.github.com/repos/fabpot/Twig/zipball/224fc55635d544a2ec8edb3592be18db5a093f59",
                "reference": "224fc55635d544a2ec8edb3592be18db5a093f59",
                "shasum": ""
            },
            "require": {
                "php": ">=5.2.4"
            },
            "type": "library",
            "extra": {
                "branch-alias": {
                    "dev-master": "1.14-dev"
                }
            },
            "autoload": {
                "psr-0": {
                    "Twig_": "lib/"
                }
            },
            "license": [
                "BSD-3-Clause"
            ],
            "authors": [
                {
                    "name": "Fabien Potencier",
                    "email": "fabien@symfony.com"
                },
                {
                    "name": "Armin Ronacher",
                    "email": "armin.ronacher@active-4.com"
                }
            ],
            "description": "Twig, the flexible, fast, and secure template language for PHP",
            "homepage": "http://twig.sensiolabs.org",
            "keywords": [
                "templating"
            ],
            "time": "2013-10-03 06:41:20"
        },
        {
            "name": "volcanus/configuration",
            "version": "dev-master",
            "target-dir": "Volcanus/Configuration",
            "source": {
                "type": "git",
                "url": "https://github.com/k-holy/volcanus-configuration.git",
                "reference": "b08be727a71fbee3b6aee433701c1fa59552f057"
            },
            "dist": {
                "type": "zip",
                "url": "https://api.github.com/repos/k-holy/volcanus-configuration/zipball/b08be727a71fbee3b6aee433701c1fa59552f057",
                "reference": "b08be727a71fbee3b6aee433701c1fa59552f057",
                "shasum": ""
            },
            "require": {
                "php": ">=5.3"
            },
            "type": "library",
            "autoload": {
                "psr-0": {
                    "Volcanus\\Configuration": ""
                }
            },
            "license": [
                "MIT"
            ],
            "authors": [
                {
                    "name": "k-holy",
                    "email": "k.holy74@gmail.com"
                }
            ],
            "description": "Array class for configurations",
            "homepage": "https://github.com/k-holy/volcanus-configuration",
            "time": "2013-09-12 07:53:29"
        },
        {
            "name": "volcanus/database",
            "version": "dev-master",
            "target-dir": "Volcanus/Database",
            "source": {
                "type": "git",
                "url": "https://github.com/k-holy/volcanus-database.git",
                "reference": "a501912d38810b560ffa94cd858b0d2f6d462b0c"
            },
            "dist": {
                "type": "zip",
                "url": "https://api.github.com/repos/k-holy/volcanus-database/zipball/a501912d38810b560ffa94cd858b0d2f6d462b0c",
                "reference": "a501912d38810b560ffa94cd858b0d2f6d462b0c",
                "shasum": ""
            },
            "require": {
                "php": ">=5.3.3"
            },
            "type": "library",
            "autoload": {
                "psr-0": {
                    "Volcanus\\Database": ""
                }
            },
            "license": [
                "MIT"
            ],
            "authors": [
                {
                    "name": "k-holy",
                    "email": "k.holy74@gmail.com"
                }
            ],
            "description": "database abstraction layer",
            "homepage": "https://github.com/k-holy/volcanus-database",
            "time": "2013-10-03 01:24:40"
        },
        {
            "name": "volcanus/error",
            "version": "dev-master",
            "target-dir": "Volcanus/Error",
            "source": {
                "type": "git",
                "url": "https://github.com/k-holy/Volcanus_Error.git",
                "reference": "4878416c84c2ffdc3cf7749512bf13be7fe0ce86"
            },
            "dist": {
                "type": "zip",
                "url": "https://api.github.com/repos/k-holy/Volcanus_Error/zipball/4878416c84c2ffdc3cf7749512bf13be7fe0ce86",
                "reference": "4878416c84c2ffdc3cf7749512bf13be7fe0ce86",
                "shasum": ""
            },
            "require": {
                "php": ">=5.3.3"
            },
            "type": "library",
            "autoload": {
                "psr-0": {
                    "Volcanus\\Error": ""
                }
            },
            "license": [
                "MIT"
            ],
            "authors": [
                {
                    "name": "k-holy",
                    "email": "k.holy74@gmail.com"
                }
            ],
            "description": "simple error and exception handler",
            "homepage": "https://github.com/k-holy/Volcanus_Error",
            "time": "2013-08-27 06:44:10"
        },
        {
            "name": "volcanus/routing",
            "version": "dev-master",
            "target-dir": "Volcanus/Routing",
            "source": {
                "type": "git",
                "url": "https://github.com/k-holy/volcanus-routing.git",
                "reference": "74d8a395b7cb9d6cd72eecd3f3e2dbdc1fb9b155"
            },
            "dist": {
                "type": "zip",
                "url": "https://api.github.com/repos/k-holy/volcanus-routing/zipball/74d8a395b7cb9d6cd72eecd3f3e2dbdc1fb9b155",
                "reference": "74d8a395b7cb9d6cd72eecd3f3e2dbdc1fb9b155",
                "shasum": ""
            },
            "require": {
                "php": ">=5.3"
            },
            "type": "library",
            "autoload": {
                "psr-0": {
                    "Volcanus\\Routing": ""
                }
            },
            "license": [
                "MIT"
            ],
            "authors": [
                {
                    "name": "k-holy",
                    "email": "k.holy74@gmail.com"
                }
            ],
            "description": "request-URI routing for page-controller scripts.",
            "homepage": "https://github.com/k-holy/Volcanus_Routing",
            "time": "2013-09-25 08:33:00"
        },
        {
            "name": "volcanus/template-renderer",
            "version": "dev-master",
            "target-dir": "Volcanus/TemplateRenderer",
            "source": {
                "type": "git",
                "url": "https://github.com/k-holy/volcanus-template-renderer.git",
                "reference": "7b79149e318be68013e2e439652a77b4c471b984"
            },
            "dist": {
                "type": "zip",
                "url": "https://api.github.com/repos/k-holy/volcanus-template-renderer/zipball/7b79149e318be68013e2e439652a77b4c471b984",
                "reference": "7b79149e318be68013e2e439652a77b4c471b984",
                "shasum": ""
            },
            "require": {
                "php": ">=5.3.3"
            },
            "require-dev": {
                "phptal/phptal": "dev-master",
                "smarty/smarty": "3.1.*",
                "twig/twig": "1.*"
            },
            "type": "library",
            "autoload": {
                "psr-0": {
                    "Volcanus\\TemplateRenderer": ""
                }
            },
            "license": [
                "MIT"
            ],
            "authors": [
                {
                    "name": "k-holy",
                    "email": "k.holy74@gmail.com"
                }
            ],
            "homepage": "https://github.com/k-holy/volcanus-template-renderer",
            "time": "2013-08-23 09:08:49"
        }
    ],
    "packages-dev": [

    ],
    "aliases": [

    ],
    "minimum-stability": "stable",
    "stability-flags": {
        "phptal/phptal": 20,
        "volcanus/configuration": 20,
        "volcanus/routing": 20,
        "volcanus/error": 20,
        "volcanus/database": 20,
        "volcanus/template-renderer": 20
    },
    "platform": {
        "php": ">=5.4"
    },
    "platform-dev": [

    ]
}
